PODS:
  - XLPagerTabStrip (9.0.0)

DEPENDENCIES:
  - XLPagerTabStrip

SPEC REPOS:
  https://github.com/cocoapods/specs.git:
    - XLPagerTabStrip

SPEC CHECKSUMS:
  XLPagerTabStrip: 61c57fd61f611ee5f01ff1495ad6fbee8bf496c5

PODFILE CHECKSUM: 23a4685e10228338be272fe7ccc41811bb615b7b

COCOAPODS: 1.6.1
